// !$*UTF8*$!
{
	archiveVersion = 1;
	classes = {
	};
	objectVersion = 46;
	objects = {

/* Begin PBXBuildFile section */
		18067C371F1FC3FB008818E5 /* AppDelegate.swift in Sources */ = {isa = PBXBuildFile; fileRef = 18067C361F1FC3FB008818E5 /* AppDelegate.swift */; };
		18067C391F1FC3FB008818E5 /* ViewController.swift in Sources */ = {isa = PBXBuildFile; fileRef = 18067C381F1FC3FB008818E5 /* ViewController.swift */; };
		18067C3C1F1FC3FB008818E5 /* Main.storyboard in Resources */ = {isa = PBXBuildFile; fileRef = 18067C3A1F1FC3FB008818E5 /* Main.storyboard */; };
		18067C3E1F1FC3FB008818E5 /* Assets.xcassets in Resources */ = {isa = PBXBuildFile; fileRef = 18067C3D1F1FC3FB008818E5 /* Assets.xcassets */; };
		18067C411F1FC3FB008818E5 /* LaunchScreen.storyboard in Resources */ = {isa = PBXBuildFile; fileRef = 18067C3F1F1FC3FB008818E5 /* LaunchScreen.storyboard */; };
		1858C7171F1FCDB000F50E9E /* GoogleService-Info.plist in Resources */ = {isa = PBXBuildFile; fileRef = 1858C7161F1FCDB000F50E9E /* GoogleService-Info.plist */; };
		B0B5BC398CB69C9FE624E176 /* Pods_Google_Sign_In.framework in Frameworks */ = {isa = PBXBuildFile; fileRef = F35F31C5BA181AEEC2DBF63E /* Pods_Google_Sign_In.framework */; };
/* End PBXBuildFile section */

/* Begin PBXFileReference section */
		18067C331F1FC3FB008818E5 /* Google_Sign_In.app */ = {isa = PBXFileReference; explicitFileType = wrapper.application; includeInIndex = 0; path = Google_Sign_In.app; sourceTree = BUILT_PRODUCTS_DIR; };
		18067C361F1FC3FB008818E5 /* AppDelegate.swift */ = {isa = PBXFileReference; lastKnownFileType = sourcecode.swift; path = AppDelegate.swift; sourceTree = "<group>"; };
		18067C381F1FC3FB008818E5 /* ViewController.swift */ = {isa = PBXFileReference; lastKnownFileType = sourcecode.swift; path = ViewController.swift; sourceTree = "<group>"; };
		18067C3B1F1FC3FB008818E5 /* Base */ = {isa = PBXFileReference; lastKnownFileType = file.storyboard; name = Base; path = Base.lproj/Main.storyboard; sourceTree = "<group>"; };
		18067C3D1F1FC3FB008818E5 /* Assets.xcassets */ = {isa = PBXFileReference; lastKnownFileType = folder.assetcatalog; path = Assets.xcassets; sourceTree = "<group>"; };
		18067C401F1FC3FB008818E5 /* Base */ = {isa = PBXFileReference; lastKnownFileType = file.storyboard; name = Base; path = Base.lproj/LaunchScreen.storyboard; sourceTree = "<group>"; };
		18067C421F1FC3FB008818E5 /* Info.plist */ = {isa = PBXFileReference; lastKnownFileType = text.plist.xml; path = Info.plist; sourceTree = "<group>"; };
		1858C7161F1FCDB000F50E9E /* GoogleService-Info.plist */ = {isa = PBXFileReference; fileEncoding = 4; lastKnownFileType = text.plist.xml; path = "GoogleService-Info.plist"; sourceTree = "<group>"; };
		8B6F03AE5392009C8B8BC798 /* Pods-Google_Sign_In.release.xcconfig */ = {isa = PBXFileReference; includeInIndex = 1; lastKnownFileType = text.xcconfig; name = "Pods-Google_Sign_In.release.xcconfig"; path = "Pods/Target Support Files/Pods-Google_Sign_In/Pods-Google_Sign_In.release.xcconfig"; sourceTree = "<group>"; };
		B41B216E782B6A93E915DAD6 /* Pods-Google_Sign_In.debug.xcconfig */ = {isa = PBXFileReference; includeInIndex = 1; lastKnownFileType = text.xcconfig; name = "Pods-Google_Sign_In.debug.xcconfig"; path = "Pods/Target Support Files/Pods-Google_Sign_In/Pods-Google_Sign_In.debug.xcconfig"; sourceTree = "<group>"; };
		F35F31C5BA181AEEC2DBF63E /* Pods_Google_Sign_In.framework */ = {isa = PBXFileReference; explicitFileType = wrapper.framework; includeInIndex = 0; path = Pods_Google_Sign_In.framework; sourceTree = BUILT_PRODUCTS_DIR; };
/* End PBXFileReference section */

/* Begin PBXFrameworksBuildPhase section */
		18067C301F1FC3FA008818E5 /* Frameworks */ = {
			isa = PBXFrameworksBuildPhase;
			buildActionMask = 2147483647;
			files = (
				B0B5BC398CB69C9FE624E176 /* Pods_Google_Sign_In.framework in Frameworks */,
			);
			runOnlyForDeploymentPostprocessing = 0;
		};
/* End PBXFrameworksBuildPhase section */

/* Begin PBXGroup section */
		18067C2A1F1FC3FA008818E5 = {
			isa = PBXGroup;
			children = (
				18067C351F1FC3FB008818E5 /* Google_Sign_In */,
				18067C341F1FC3FB008818E5 /* Products */,
				5623CE1D95A9630C22CB6E3B /* Pods */,
				3C8CEC60640E661DF8034EBE /* Frameworks */,
			);
			sourceTree = "<group>";
		};
		18067C341F1FC3FB008818E5 /* Products */ = {
			isa = PBXGroup;
			children = (
				18067C331F1FC3FB008818E5 /* Google_Sign_In.app */,
			);
			name = Products;
			sourceTree = "<group>";
		};
		18067C351F1FC3FB008818E5 /* Google_Sign_In */ = {
			isa = PBXGroup;
			children = (
				18067C361F1FC3FB008818E5 /* AppDelegate.swift */,
				18067C381F1FC3FB008818E5 /* ViewController.swift */,
				18067C3A1F1FC3FB008818E5 /* Main.storyboard */,
				18067C3D1F1FC3FB008818E5 /* Assets.xcassets */,
				18067C3F1F1FC3FB008818E5 /* LaunchScreen.storyboard */,
				18067C421F1FC3FB008818E5 /* Info.plist */,
				1858C7161F1FCDB000F50E9E /* GoogleService-Info.plist */,
			);
			path = Google_Sign_In;
			sourceTree = "<group>";
		};
		3C8CEC60640E661DF8034EBE /* Frameworks */ = {
			isa = PBXGroup;
			children = (
				F35F31C5BA181AEEC2DBF63E /* Pods_Google_Sign_In.framework */,
			);
			name = Frameworks;
			sourceTree = "<group>";
		};
		5623CE1D95A9630C22CB6E3B /* Pods */ = {
			isa = PBXGroup;
			children = (
				B41B216E782B6A93E915DAD6 /* Pods-Google_Sign_In.debug.xcconfig */,
				8B6F03AE5392009C8B8BC798 /* Pods-Google_Sign_In.release.xcconfig */,
			);
			name = Pods;
			sourceTree = "<group>";
		};
/* End PBXGroup section */

/* Begin PBXNativeTarget section */
		18067C321F1FC3FA008818E5 /* Google_Sign_In */ = {
			isa = PBXNativeTarget;
			buildConfigurationList = 18067C451F1FC3FB008818E5 /* Build configuration list for PBXNativeTarget "Google_Sign_In" */;
			buildPhases = (
				12FB54978FD5F8D6E6C116EE /* [CP] Check Pods Manifest.lock */,
				18067C2F1F1FC3FA008818E5 /* Sources */,
				18067C301F1FC3FA008818E5 /* Frameworks */,
				18067C311F1FC3FA008818E5 /* Resources */,
				F1A87DB660D2BB0A2B245C6B /* [CP] Embed Pods Frameworks */,
				EE8D50D4D49CEAF76F110087 /* [CP] Copy Pods Resources */,
			);
			buildRules = (
			);
			dependencies = (
			);
			name = Google_Sign_In;
			productName = Google_Sign_In;
			productReference = 18067C331F1FC3FB008818E5 /* Google_Sign_In.app */;
			productType = "com.apple.product-type.application";
		};
/* End PBXNativeTarget section */

/* Begin PBXProject section */
		18067C2B1F1FC3FA008818E5 /* Project object */ = {
			isa = PBXProject;
			attributes = {
				LastSwiftUpdateCheck = 0820;
				LastUpgradeCheck = 0820;
				ORGANIZATIONNAME = rsku;
				TargetAttributes = {
					18067C321F1FC3FA008818E5 = {
						CreatedOnToolsVersion = 8.2;
						ProvisioningStyle = Automatic;
					};
				};
			};
			buildConfigurationList = 18067C2E1F1FC3FA008818E5 /* Build configuration list for PBXProject "Google_Sign_In" */;
			compatibilityVersion = "Xcode 3.2";
			developmentRegion = English;
			hasScannedForEncodings = 0;
			knownRegions = (
				en,
				Base,
			);
			mainGroup = 18067C2A1F1FC3FA008818E5;
			productRefGroup = 18067C341F1FC3FB008818E5 /* Products */;
			projectDirPath = "";
			projectRoot = "";
			targets = (
				18067C321F1FC3FA008818E5 /* Google_Sign_In */,
			);
		};
/* End PBXProject section */

/* Begin PBXResourcesBuildPhase section */
		18067C311F1FC3FA008818E5 /* Resources */ = {
			isa = PBXResourcesBuildPhase;
			buildActionMask = 2147483647;
			files = (
				18067C411F1FC3FB008818E5 /* LaunchScreen.storyboard in Resources */,
				1858C7171F1FCDB000F50E9E /* GoogleService-Info.plist in Resources */,
				18067C3E1F1FC3FB008818E5 /* Assets.xcassets in Resources */,
				18067C3C1F1FC3FB008818E5 /* Main.storyboard in Resources */,
			);
			runOnlyForDeploymentPostprocessing = 0;
		};
/* End PBXResourcesBuildPhase section */

/* Begin PBXShellScriptBuildPhase section */
		12FB54978FD5F8D6E6C116EE /* [CP] Check Pods Manifest.lock */ = {
			isa = PBXShellScriptBuildPhase;
			buildActionMask = 2147483647;
			files = (
			);
			inputPaths = (
			);
			name = "[CP] Check Pods Manifest.lock";
			outputPaths = (
			);
			runOnlyForDeploymentPostprocessing = 0;
			shellPath = /bin/sh;
			shellScript = "diff \"${PODS_PODFILE_DIR_PATH}/Podfile.lock\" \"${PODS_ROOT}/Manifest.lock\" > /dev/null\nif [ $? != 0 ] ; then\n    # print error to STDERR\n    echo \"error: The sandbox is not in sync with the Podfile.lock. Run 'pod install' or update your CocoaPods installation.\" >&2\n    exit 1\nfi\n";
			showEnvVarsInLog = 0;
		};
		EE8D50D4D49CEAF76F110087 /* [CP] Copy Pods Resources */ = {
			isa = PBXShellScriptBuildPhase;
			buildActionMask = 2147483647;
			files = (
			);
			inputPaths = (
			);
			name = "[CP] Copy Pods Resources";
			outputPaths = (
			);
			runOnlyForDeploymentPostprocessing = 0;
			shellPath = /bin/sh;
			shellScript = "\"${SRCROOT}/Pods/Target Support Files/Pods-Google_Sign_In/Pods-Google_Sign_In-resources.sh\"\n";
			showEnvVarsInLog = 0;
		};
		F1A87DB660D2BB0A2B245C6B /* [CP] Embed Pods Frameworks */ = {
			isa = PBXShellScriptBuildPhase;
			buildActionMask = 2147483647;
			files = (
			);
			inputPaths = (
			);
			name = "[CP] Embed Pods Frameworks";
			outputPaths = (
			);
			runOnlyForDeploymentPostprocessing = 0;
			shellPath = /bin/sh;
			shellScript = "\"${SRCROOT}/Pods/Target Support Files/Pods-Google_Sign_In/Pods-Google_Sign_In-frameworks.sh\"\n";
			showEnvVarsInLog = 0;
		};
/* End PBXShellScriptBuildPhase section */

/* Begin PBXSourcesBuildPhase section */
		18067C2F1F1FC3FA008818E5 /* Sources */ = {
			isa = PBXSourcesBuildPhase;
			buildActionMask = 2147483647;
			files = (
				18067C391F1FC3FB008818E5 /* ViewController.swift in Sources */,
				18067C371F1FC3FB008818E5 /* AppDelegate.swift in Sources */,
			);
			runOnlyForDeploymentPostprocessing = 0;
		};
/* End PBXSourcesBuildPhase section */

/* Begin PBXVariantGroup section */
		18067C3A1F1FC3FB008818E5 /* Main.storyboard */ = {
			isa = PBXVariantGroup;
			children = (
				18067C3B1F1FC3FB008818E5 /* Base */,
			);
			name = Main.storyboard;
			sourceTree = "<group>";
		};
		18067C3F1F1FC3FB008818E5 /* LaunchScreen.storyboard */ = {
			isa = PBXVariantGroup;
			children = (
				18067C401F1FC3FB008818E5 /* Base */,
			);
			name = LaunchScreen.storyboard;
			sourceTree = "<group>";
		};
/* End PBXVariantGroup section */

/* Begin XCBuildConfiguration section */
		18067C431F1FC3FB008818E5 /* Debug */ = {
			isa = XCBuildConfiguration;
			buildSettings = {
				ALWAYS_SEARCH_USER_PATHS = NO;
				CLANG_ANALYZER_NONNULL = YES;
				CLANG_CXX_LANGUAGE_STANDARD = "gnu++0x";
				CLANG_CXX_LIBRARY = "libc++";
				CLANG_ENABLE_MODULES = YES;
				CLANG_ENABLE_OBJC_ARC = YES;
				CLANG_WARN_BOOL_CONVERSION = YES;
				CLANG_WARN_CONSTANT_CONVERSION = YES;
				CLANG_WARN_DIRECT_OBJC_ISA_USAGE = YES_ERROR;
				CLANG_WARN_DOCUMENTATION_COMMENTS = YES;
				CLANG_WARN_EMPTY_BODY = YES;
				CLANG_WARN_ENUM_CONVERSION = YES;
				CLANG_WARN_INFINITE_RECURSION = YES;
				CLANG_WARN_INT_CONVERSION = YES;
				CLANG_WARN_OBJC_ROOT_CLASS = YES_ERROR;
				CLANG_WARN_SUSPICIOUS_MOVE = YES;
				CLANG_WARN_UNREACHABLE_CODE = YES;
				CLANG_WARN__DUPLICATE_METHOD_MATCH = YES;
				"CODE_SIGN_IDENTITY[sdk=iphoneos*]" = "iPhone Developer";
				COPY_PHASE_STRIP = NO;
				DEBUG_INFORMATION_FORMAT = dwarf;
				ENABLE_STRICT_OBJC_MSGSEND = YES;
				ENABLE_TESTABILITY = YES;
				GCC_C_LANGUAGE_STANDARD = gnu99;
				GCC_DYNAMIC_NO_PIC = NO;
				GCC_NO_COMMON_BLOCKS = YES;
				GCC_OPTIMIZATION_LEVEL = 0;
				GCC_PREPROCESSOR_DEFINITIONS = (
					"DEBUG=1",
					"$(inherited)",
				);
				GCC_WARN_64_TO_32_BIT_CONVERSION = YES;
				GCC_WARN_ABOUT_RETURN_TYPE = YES_ERROR;
				GCC_WARN_UNDECLARED_SELECTOR = YES;
				GCC_WARN_UNINITIALIZED_AUTOS = YES_AGGRESSIVE;
				GCC_WARN_UNUSED_FUNCTION = YES;
				GCC_WARN_UNUSED_VARIABLE = YES;
				IPHONEOS_DEPLOYMENT_TARGET = 10.2;
				MTL_ENABLE_DEBUG_INFO = YES;
				ONLY_ACTIVE_ARCH = YES;
				SDKROOT = iphoneos;
				SWIFT_ACTIVE_COMPILATION_CONDITIONS = DEBUG;
				SWIFT_OPTIMIZATION_LEVEL = "-Onone";
			};
			name = Debug;
		};
		18067C441F1FC3FB008818E5 /* Release */ = {
			isa = XCBuildConfiguration;
			buildSettings = {
				ALWAYS_SEARCH_USER_PATHS = NO;
				CLANG_ANALYZER_NONNULL = YES;
				CLANG_CXX_LANGUAGE_STANDARD = "gnu++0x";
				CLANG_CXX_LIBRARY = "libc++";
				CLANG_ENABLE_MODULES = YES;
				CLANG_ENABLE_OBJC_ARC = YES;
				CLANG_WARN_BOOL_CONVERSION = YES;
				CLANG_WARN_CONSTANT_CONVERSION = YES;
				CLANG_WARN_DIRECT_OBJC_ISA_USAGE = YES_ERROR;
				CLANG_WARN_DOCUMENTATION_COMMENTS = YES;
				CLANG_WARN_EMPTY_BODY = YES;
				CLANG_WARN_ENUM_CONVERSION = YES;
				CLANG_WARN_INFINITE_RECURSION = YES;
				CLANG_WARN_INT_CONVERSION = YES;
				CLANG_WARN_OBJC_ROOT_CLASS = YES_ERROR;
				CLANG_WARN_SUSPICIOUS_MOVE = YES;
				CLANG_WARN_UNREACHABLE_CODE = YES;
				CLANG_WARN__DUPLICATE_METHOD_MATCH = YES;
				"CODE_SIGN_IDENTITY[sdk=iphoneos*]" = "iPhone Developer";
				COPY_PHASE_STRIP = NO;
				DEBUG_INFORMATION_FORMAT = "dwarf-with-dsym";
				ENABLE_NS_ASSERTIONS = NO;
				ENABLE_STRICT_OBJC_MSGSEND = YES;
				GCC_C_LANGUAGE_STANDARD = gnu99;
				GCC_NO_COMMON_BLOCKS = YES;
				GCC_WARN_64_TO_32_BIT_CONVERSION = YES;
				GCC_WARN_ABOUT_RETURN_TYPE = YES_ERROR;
				GCC_WARN_UNDECLARED_SELECTOR = YES;
				GCC_WARN_UNINITIALIZED_AUTOS = YES_AGGRESSIVE;
				GCC_WARN_UNUSED_FUNCTION = YES;
				GCC_WARN_UNUSED_VARIABLE = YES;
				IPHONEOS_DEPLOYMENT_TARGET = 10.2;
				MTL_ENABLE_DEBUG_INFO = NO;
				SDKROOT = iphoneos;
				SWIFT_OPTIMIZATION_LEVEL = "-Owholemodule";
				VALIDATE_PRODUCT = YES;
			};
			name = Release;
		};
		18067C461F1FC3FB008818E5 /* Debug */ = {
			isa = XCBuildConfiguration;
			baseConfigurationReference = B41B216E782B6A93E915DAD6 /* Pods-Google_Sign_In.debug.xcconfig */;
			buildSettings = {
				ASSETCATALOG_COMPILER_APPICON_NAME = AppIcon;
				INFOPLIST_FILE = Google_Sign_In/Info.plist;
				LD_RUNPATH_SEARCH_PATHS = "$(inherited) @executable_path/Frameworks";
				PRODUCT_BUNDLE_IDENTIFIER = rsku.com.GoogleSignIn;
				PRODUCT_NAME = "$(TARGET_NAME)";
				SWIFT_VERSION = 3.0;
			};
			name = Debug;
		};
		18067C471F1FC3FB008818E5 /* Release */ = {
			isa = XCBuildConfiguration;
			baseConfigurationReference = 8B6F03AE5392009C8B8BC798 /* Pods-Google_Sign_In.release.xcconfig */;
			buildSettings = {
				ASSETCATALOG_COMPILER_APPICON_NAME = AppIcon;
				INFOPLIST_FILE = Google_Sign_In/Info.plist;
				LD_RUNPATH_SEARCH_PATHS = "$(inherited) @executable_path/Frameworks";
				PRODUCT_BUNDLE_IDENTIFIER = rsku.com.GoogleSignIn;
				PRODUCT_NAME = "$(TARGET_NAME)";
				SWIFT_VERSION = 3.0;
			};
			name = Release;
		};
/* End XCBuildConfiguration section */

/* Begin XCConfigurationList section */
		18067C2E1F1FC3FA008818E5 /* Build configuration list for PBXProject "Google_Sign_In" */ = {
			isa = XCConfigurationList;
			buildConfigurations = (
				18067C431F1FC3FB008818E5 /* Debug */,
				18067C441F1FC3FB008818E5 /* Release */,
			);
			defaultConfigurationIsVisible = 0;
			defaultConfigurationName = Release;
		};
		18067C451F1FC3FB008818E5 /* Build configuration list for PBXNativeTarget "Google_Sign_In" */ = {
			isa = XCConfigurationList;
			buildConfigurations = (
				18067C461F1FC3FB008818E5 /* Debug */,
				18067C471F1FC3FB008818E5 /* Release */,
			);
			defaultConfigurationIsVisible = 0;
			defaultConfigurationName = Release;
		};
/* End XCConfigurationList section */
	};
	rootObject = 18067C2B1F1FC3FA008818E5 /* Project object */;
}
